
Microsoft Visual Studio Solution File, Format Version 12.00
# Visual Studio Version 17
VisualStudioVersion = 17.1.32210.238
MinimumVisualStudioVersion = 10.0.40219.1
Project("{FAE04EC0-301F-11D3-BF4B-00C04F79EFBC}") = "CommonLib", "CommonLib.csproj", "{3C45B06A-E127-4083-AC47-4AAF1C60979C}"
EndProject
Project("{FAE04EC0-301F-11D3-BF4B-00C04F79EFBC}") = "WpfDBConn", "..\WpfDBConn\WpfDBConn.csproj", "{DD23C12B-82C5-4A20-A10D-C48F9D01BC66}"
EndProject
Global
	GlobalSection(SolutionConfigurationPlatforms) = preSolution
		Debug|Any CPU = Debug|Any CPU
		Release|Any CPU = Release|Any CPU
	EndGlobalSection
	GlobalSection(ProjectConfigurationPlatforms) = postSolution
		{3C45B06A-E127-4083-AC47-4AAF1C60979C}.Debug|Any CPU.ActiveCfg = Debug|Any CPU
		{3C45B06A-E127-4083-AC47-4AAF1C60979C}.Debug|Any CPU.Build.0 = Debug|Any CPU
		{3C45B06A-E127-4083-AC47-4AAF1C60979C}.Release|Any CPU.ActiveCfg = Release|Any CPU
		{3C45B06A-E127-4083-AC47-4AAF1C60979C}.Release|Any CPU.Build.0 = Release|Any CPU
		{DD23C12B-82C5-4A20-A10D-C48F9D01BC66}.Debug|Any CPU.ActiveCfg = Debug|Any CPU
		{DD23C12B-82C5-4A20-A10D-C48F9D01BC66}.Debug|Any CPU.Build.0 = Debug|Any CPU
		{DD23C12B-82C5-4A20-A10D-C48F9D01BC66}.Release|Any CPU.ActiveCfg = Release|Any CPU
		{DD23C12B-82C5-4A20-A10D-C48F9D01BC66}.Release|Any CPU.Build.0 = Release|Any CPU
	EndGlobalSection
	GlobalSection(SolutionProperties) = preSolution
		HideSolutionNode = FALSE
	EndGlobalSection
	GlobalSection(ExtensibilityGlobals) = postSolution
		SolutionGuid = {2754E5A9-74B8-447C-B53A-4CB759088C94}
	EndGlobalSection
EndGlobal
